
Microsoft Visual Studio Solution File, Format Version 12.00
# Visual Studio 2012
Project("{FAE04EC0-301F-11D3-BF4B-00C04F79EFBC}") = "TodoDemo", "TodoDemo\TodoDemo.csproj", "{5905AD48-D31C-4BC5-9424-0CA1ED70D417}"
EndProject
Project("{FAE04EC0-301F-11D3-BF4B-00C04F79EFBC}") = "TodoDemo.iOS", "iOS\TodoDemo.iOS.csproj", "{F14E203C-88A1-46F0-90A7-4C6A3C9C4532}"
EndProject
Project("{FAE04EC0-301F-11D3-BF4B-00C04F79EFBC}") = "TodoDemo.Droid", "Droid\TodoDemo.Droid.csproj", "{A49D975E-F186-4272-951B-0963663DB41D}"
EndProject
Global
	GlobalSection(SolutionConfigurationPlatforms) = preSolution
		Debug|Any CPU = Debug|Any CPU
		Release|Any CPU = Release|Any CPU
		Debug|iPhoneSimulator = Debug|iPhoneSimulator
		Release|iPhone = Release|iPhone
		Release|iPhoneSimulator = Release|iPhoneSimulator
		Debug|iPhone = Debug|iPhone
	EndGlobalSection
	GlobalSection(ProjectConfigurationPlatforms) = postSolution
		{5905AD48-D31C-4BC5-9424-0CA1ED70D417}.Debug|Any CPU.ActiveCfg = Debug|Any CPU
		{5905AD48-D31C-4BC5-9424-0CA1ED70D417}.Debug|Any CPU.Build.0 = Debug|Any CPU
		{5905AD48-D31C-4BC5-9424-0CA1ED70D417}.Release|Any CPU.ActiveCfg = Release|Any CPU
		{5905AD48-D31C-4BC5-9424-0CA1ED70D417}.Release|Any CPU.Build.0 = Release|Any CPU
		{5905AD48-D31C-4BC5-9424-0CA1ED70D417}.Debug|iPhoneSimulator.ActiveCfg = Debug|Any CPU
		{5905AD48-D31C-4BC5-9424-0CA1ED70D417}.Debug|iPhoneSimulator.Build.0 = Debug|Any CPU
		{5905AD48-D31C-4BC5-9424-0CA1ED70D417}.Release|iPhone.ActiveCfg = Release|Any CPU
		{5905AD48-D31C-4BC5-9424-0CA1ED70D417}.Release|iPhone.Build.0 = Release|Any CPU
		{5905AD48-D31C-4BC5-9424-0CA1ED70D417}.Release|iPhoneSimulator.ActiveCfg = Release|Any CPU
		{5905AD48-D31C-4BC5-9424-0CA1ED70D417}.Release|iPhoneSimulator.Build.0 = Release|Any CPU
		{5905AD48-D31C-4BC5-9424-0CA1ED70D417}.Debug|iPhone.ActiveCfg = Debug|Any CPU
		{5905AD48-D31C-4BC5-9424-0CA1ED70D417}.Debug|iPhone.Build.0 = Debug|Any CPU
		{F14E203C-88A1-46F0-90A7-4C6A3C9C4532}.Debug|Any CPU.ActiveCfg = Debug|iPhoneSimulator
		{F14E203C-88A1-46F0-90A7-4C6A3C9C4532}.Debug|Any CPU.Build.0 = Debug|iPhoneSimulator
		{F14E203C-88A1-46F0-90A7-4C6A3C9C4532}.Release|Any CPU.ActiveCfg = Release|iPhone
		{F14E203C-88A1-46F0-90A7-4C6A3C9C4532}.Release|Any CPU.Build.0 = Release|iPhone
		{F14E203C-88A1-46F0-90A7-4C6A3C9C4532}.Debug|iPhoneSimulator.ActiveCfg = Debug|iPhoneSimulator
		{F14E203C-88A1-46F0-90A7-4C6A3C9C4532}.Debug|iPhoneSimulator.Build.0 = Debug|iPhoneSimulator
		{F14E203C-88A1-46F0-90A7-4C6A3C9C4532}.Release|iPhone.ActiveCfg = Release|iPhone
		{F14E203C-88A1-46F0-90A7-4C6A3C9C4532}.Release|iPhone.Build.0 = Release|iPhone
		{F14E203C-88A1-46F0-90A7-4C6A3C9C4532}.Release|iPhoneSimulator.ActiveCfg = Release|iPhoneSimulator
		{F14E203C-88A1-46F0-90A7-4C6A3C9C4532}.Release|iPhoneSimulator.Build.0 = Release|iPhoneSimulator
		{F14E203C-88A1-46F0-90A7-4C6A3C9C4532}.Debug|iPhone.ActiveCfg = Debug|iPhone
		{F14E203C-88A1-46F0-90A7-4C6A3C9C4532}.Debug|iPhone.Build.0 = Debug|iPhone
		{A49D975E-F186-4272-951B-0963663DB41D}.Debug|Any CPU.ActiveCfg = Debug|Any CPU
		{A49D975E-F186-4272-951B-0963663DB41D}.Debug|Any CPU.Build.0 = Debug|Any CPU
		{A49D975E-F186-4272-951B-0963663DB41D}.Release|Any CPU.ActiveCfg = Release|Any CPU
		{A49D975E-F186-4272-951B-0963663DB41D}.Release|Any CPU.Build.0 = Release|Any CPU
		{A49D975E-F186-4272-951B-0963663DB41D}.Debug|iPhoneSimulator.ActiveCfg = Debug|Any CPU
		{A49D975E-F186-4272-951B-0963663DB41D}.Debug|iPhoneSimulator.Build.0 = Debug|Any CPU
		{A49D975E-F186-4272-951B-0963663DB41D}.Release|iPhone.ActiveCfg = Release|Any CPU
		{A49D975E-F186-4272-951B-0963663DB41D}.Release|iPhone.Build.0 = Release|Any CPU
		{A49D975E-F186-4272-951B-0963663DB41D}.Release|iPhoneSimulator.ActiveCfg = Release|Any CPU
		{A49D975E-F186-4272-951B-0963663DB41D}.Release|iPhoneSimulator.Build.0 = Release|Any CPU
		{A49D975E-F186-4272-951B-0963663DB41D}.Debug|iPhone.ActiveCfg = Debug|Any CPU
		{A49D975E-F186-4272-951B-0963663DB41D}.Debug|iPhone.Build.0 = Debug|Any CPU
	EndGlobalSection
EndGlobal
